{
  "name": "zksl-root",
  "lockfileVersion": 3,
  "requires": true,
  "packages": {
    "": {
      "name": "zksl-root",
      "dependencies": {
        "blake3": "^2.1.7"
      },
      "engines": {
        "node": ">=20 <21"
      }
    },
    "node_modules/blake3": {
      "version": "2.1.7",
      "resolved": "https://registry.npmjs.org/blake3/-/blake3-2.1.7.tgz",
      "integrity": "sha512-5d+TdKJvju96IyEaGJ0eO6CHbckWi+NBrCezGYM/WsnI3R03aLL2TWfsuZSh1rs0fTv/L3ps/r0vykjYurcIwA==",
      "hasInstallScript": true,
      "license": "MIT"
    }
  }
}
